// !$*UTF8*$!
{
	archiveVersion = 1;
	classes = {
	};
	objectVersion = 48;
	objects = {

/* Begin PBXBuildFile section */
		9C1A4AAE1FB0686B003F2F16 /* AppDelegate.swift in Sources */ = {isa = PBXBuildFile; fileRef = 9C1A4AAD1FB0686B003F2F16 /* AppDelegate.swift */; };
		9C1A4AB01FB0686B003F2F16 /* ViewController.swift in Sources */ = {isa = PBXBuildFile; fileRef = 9C1A4AAF1FB0686B003F2F16 /* ViewController.swift */; };
		9C1A4AB31FB0686B003F2F16 /* Main.storyboard in Resources */ = {isa = PBXBuildFile; fileRef = 9C1A4AB11FB0686B003F2F16 /* Main.storyboard */; };
		9C1A4AB51FB0686B003F2F16 /* Assets.xcassets in Resources */ = {isa = PBXBuildFile; fileRef = 9C1A4AB41FB0686B003F2F16 /* Assets.xcassets */; };
		9C1A4AB81FB0686B003F2F16 /* LaunchScreen.storyboard in Resources */ = {isa = PBXBuildFile; fileRef = 9C1A4AB61FB0686B003F2F16 /* LaunchScreen.storyboard */; };
/* End PBXBuildFile section */

/* Begin PBXFileReference section */
		9C1A4AAA1FB0686B003F2F16 /* MapBoxDemoApp.app */ = {isa = PBXFileReference; explicitFileType = wrapper.application; includeInIndex = 0; path = MapBoxDemoApp.app; sourceTree = BUILT_PRODUCTS_DIR; };
		9C1A4AAD1FB0686B003F2F16 /* AppDelegate.swift */ = {isa = PBXFileReference; lastKnownFileType = sourcecode.swift; path = AppDelegate.swift; sourceTree = "<group>"; };
		9C1A4AAF1FB0686B003F2F16 /* ViewController.swift */ = {isa = PBXFileReference; lastKnownFileType = sourcecode.swift; path = ViewController.swift; sourceTree = "<group>"; };
		9C1A4AB21FB0686B003F2F16 /* Base */ = {isa = PBXFileReference; lastKnownFileType = file.storyboard; name = Base; path = Base.lproj/Main.storyboard; sourceTree = "<group>"; };
		9C1A4AB41FB0686B003F2F16 /* Assets.xcassets */ = {isa = PBXFileReference; lastKnownFileType = folder.assetcatalog; path = Assets.xcassets; sourceTree = "<group>"; };
		9C1A4AB71FB0686B003F2F16 /* Base */ = {isa = PBXFileReference; lastKnownFileType = file.storyboard; name = Base; path = Base.lproj/LaunchScreen.storyboard; sourceTree = "<group>"; };
		9C1A4AB91FB0686B003F2F16 /* Info.plist */ = {isa = PBXFileReference; lastKnownFileType = text.plist.xml; path = Info.plist; sourceTree = "<group>"; };
/* End PBXFileReference section */

/* Begin PBXFrameworksBuildPhase section */
		9C1A4AA71FB0686B003F2F16 /* Frameworks */ = {
			isa = PBXFrameworksBuildPhase;
			buildActionMask = 2147483647;
			files = (
			);
			runOnlyForDeploymentPostprocessing = 0;
		};
/* End PBXFrameworksBuildPhase section */

/* Begin PBXGroup section */
		9C1A4AA11FB0686B003F2F16 = {
			isa = PBXGroup;
			children = (
				9C1A4AAC1FB0686B003F2F16 /* MapBoxDemoApp */,
				9C1A4AAB1FB0686B003F2F16 /* Products */,
			);
			sourceTree = "<group>";
		};
		9C1A4AAB1FB0686B003F2F16 /* Products */ = {
			isa = PBXGroup;
			children = (
				9C1A4AAA1FB0686B003F2F16 /* MapBoxDemoApp.app */,
			);
			name = Products;
			sourceTree = "<group>";
		};
		9C1A4AAC1FB0686B003F2F16 /* MapBoxDemoApp */ = {
			isa = PBXGroup;
			children = (
				9C1A4AAD1FB0686B003F2F16 /* AppDelegate.swift */,
				9C1A4AAF1FB0686B003F2F16 /* ViewController.swift */,
				9C1A4AB11FB0686B003F2F16 /* Main.storyboard */,
				9C1A4AB41FB0686B003F2F16 /* Assets.xcassets */,
				9C1A4AB61FB0686B003F2F16 /* LaunchScreen.storyboard */,
				9C1A4AB91FB0686B003F2F16 /* Info.plist */,
			);
			path = MapBoxDemoApp;
			sourceTree = "<group>";
		};
/* End PBXGroup section */

/* Begin PBXNativeTarget section */
		9C1A4AA91FB0686B003F2F16 /* MapBoxDemoApp */ = {
			isa = PBXNativeTarget;
			buildConfigurationList = 9C1A4ABC1FB0686B003F2F16 /* Build configuration list for PBXNativeTarget "MapBoxDemoApp" */;
			buildPhases = (
				9C1A4AA61FB0686B003F2F16 /* Sources */,
				9C1A4AA71FB0686B003F2F16 /* Frameworks */,
				9C1A4AA81FB0686B003F2F16 /* Resources */,
			);
			buildRules = (
			);
			dependencies = (
			);
			name = MapBoxDemoApp;
			productName = MapBoxDemoApp;
			productReference = 9C1A4AAA1FB0686B003F2F16 /* MapBoxDemoApp.app */;
			productType = "com.apple.product-type.application";
		};
/* End PBXNativeTarget section */

/* Begin PBXProject section */
		9C1A4AA21FB0686B003F2F16 /* Project object */ = {
			isa = PBXProject;
			attributes = {
				LastSwiftUpdateCheck = 0900;
				LastUpgradeCheck = 0900;
				ORGANIZATIONNAME = "Sumedh Ravi";
				TargetAttributes = {
					9C1A4AA91FB0686B003F2F16 = {
						CreatedOnToolsVersion = 9.0;
						ProvisioningStyle = Automatic;
					};
				};
			};
			buildConfigurationList = 9C1A4AA51FB0686B003F2F16 /* Build configuration list for PBXProject "MapBoxDemoApp" */;
			compatibilityVersion = "Xcode 8.0";
			developmentRegion = en;
			hasScannedForEncodings = 0;
			knownRegions = (
				en,
				Base,
			);
			mainGroup = 9C1A4AA11FB0686B003F2F16;
			productRefGroup = 9C1A4AAB1FB0686B003F2F16 /* Products */;
			projectDirPath = "";
			projectRoot = "";
			targets = (
				9C1A4AA91FB0686B003F2F16 /* MapBoxDemoApp */,
			);
		};
/* End PBXProject section */

/* Begin PBXResourcesBuildPhase section */
		9C1A4AA81FB0686B003F2F16 /* Resources */ = {
			isa = PBXResourcesBuildPhase;
			buildActionMask = 2147483647;
			files = (
				9C1A4AB81FB0686B003F2F16 /* LaunchScreen.storyboard in Resources */,
				9C1A4AB51FB0686B003F2F16 /* Assets.xcassets in Resources */,
				9C1A4AB31FB0686B003F2F16 /* Main.storyboard in Resources */,
			);
			runOnlyForDeploymentPostprocessing = 0;
		};
/* End PBXResourcesBuildPhase section */

/* Begin PBXSourcesBuildPhase section */
		9C1A4AA61FB0686B003F2F16 /* Sources */ = {
			isa = PBXSourcesBuildPhase;
			buildActionMask = 2147483647;
			files = (
				9C1A4AB01FB0686B003F2F16 /* ViewController.swift in Sources */,
				9C1A4AAE1FB0686B003F2F16 /* AppDelegate.swift in Sources */,
			);
			runOnlyForDeploymentPostprocessing = 0;
		};
/* End PBXSourcesBuildPhase section */

/* Begin PBXVariantGroup section */
		9C1A4AB11FB0686B003F2F16 /* Main.storyboard */ = {
			isa = PBXVariantGroup;
			children = (
				9C1A4AB21FB0686B003F2F16 /* Base */,
			);
			name = Main.storyboard;
			sourceTree = "<group>";
		};
		9C1A4AB61FB0686B003F2F16 /* LaunchScreen.storyboard */ = {
			isa = PBXVariantGroup;
			children = (
				9C1A4AB71FB0686B003F2F16 /* Base */,
			);
			name = LaunchScreen.storyboard;
			sourceTree = "<group>";
		};
/* End PBXVariantGroup section */

/* Begin XCBuildConfiguration section */
		9C1A4ABA1FB0686B003F2F16 /* Debug */ = {
			isa = XCBuildConfiguration;
			buildSettings = {
				ALWAYS_SEARCH_USER_PATHS = NO;
				CLANG_ANALYZER_NONNULL = YES;
				CLANG_ANALYZER_NUMBER_OBJECT_CONVERSION = YES_AGGRESSIVE;
				CLANG_CXX_LANGUAGE_STANDARD = "gnu++14";
				CLANG_CXX_LIBRARY = "libc++";
				CLANG_ENABLE_MODULES = YES;
				CLANG_ENABLE_OBJC_ARC = YES;
				CLANG_WARN_BLOCK_CAPTURE_AUTORELEASING = YES;
				CLANG_WARN_BOOL_CONVERSION = YES;
				CLANG_WARN_COMMA = YES;
				CLANG_WARN_CONSTANT_CONVERSION = YES;
				CLANG_WARN_DIRECT_OBJC_ISA_USAGE = YES_ERROR;
				CLANG_WARN_DOCUMENTATION_COMMENTS = YES;
				CLANG_WARN_EMPTY_BODY = YES;
				CLANG_WARN_ENUM_CONVERSION = YES;
				CLANG_WARN_INFINITE_RECURSION = YES;
				CLANG_WARN_INT_CONVERSION = YES;
				CLANG_WARN_NON_LITERAL_NULL_CONVERSION = YES;
				CLANG_WARN_OBJC_LITERAL_CONVERSION = YES;
				CLANG_WARN_OBJC_ROOT_CLASS = YES_ERROR;
				CLANG_WARN_RANGE_LOOP_ANALYSIS = YES;
				CLANG_WARN_STRICT_PROTOTYPES = YES;
				CLANG_WARN_SUSPICIOUS_MOVE = YES;
				CLANG_WARN_UNGUARDED_AVAILABILITY = YES_AGGRESSIVE;
				CLANG_WARN_UNREACHABLE_CODE = YES;
				CLANG_WARN__DUPLICATE_METHOD_MATCH = YES;
				CODE_SIGN_IDENTITY = "iPhone Developer";
				COPY_PHASE_STRIP = NO;
				DEBUG_INFORMATION_FORMAT = dwarf;
				ENABLE_STRICT_OBJC_MSGSEND = YES;
				ENABLE_TESTABILITY = YES;
				GCC_C_LANGUAGE_STANDARD = gnu11;
				GCC_DYNAMIC_NO_PIC = NO;
				GCC_NO_COMMON_BLOCKS = YES;
				GCC_OPTIMIZATION_LEVEL = 0;
				GCC_PREPROCESSOR_DEFINITIONS = (
					"DEBUG=1",
					"$(inherited)",
				);
				GCC_WARN_64_TO_32_BIT_CONVERSION = YES;
				GCC_WARN_ABOUT_RETURN_TYPE = YES_ERROR;
				GCC_WARN_UNDECLARED_SELECTOR = YES;
				GCC_WARN_UNINITIALIZED_AUTOS = YES_AGGRESSIVE;
				GCC_WARN_UNUSED_FUNCTION = YES;
				GCC_WARN_UNUSED_VARIABLE = YES;
				IPHONEOS_DEPLOYMENT_TARGET = 11.0;
				MTL_ENABLE_DEBUG_INFO = YES;
				ONLY_ACTIVE_ARCH = YES;
				SDKROOT = iphoneos;
				SWIFT_ACTIVE_COMPILATION_CONDITIONS = DEBUG;
				SWIFT_OPTIMIZATION_LEVEL = "-Onone";
			};
			name = Debug;
		};
		9C1A4ABB1FB0686B003F2F16 /* Release */ = {
			isa = XCBuildConfiguration;
			buildSettings = {
				ALWAYS_SEARCH_USER_PATHS = NO;
				CLANG_ANALYZER_NONNULL = YES;
				CLANG_ANALYZER_NUMBER_OBJECT_CONVERSION = YES_AGGRESSIVE;
				CLANG_CXX_LANGUAGE_STANDARD = "gnu++14";
				CLANG_CXX_LIBRARY = "libc++";
				CLANG_ENABLE_MODULES = YES;
				CLANG_ENABLE_OBJC_ARC = YES;
				CLANG_WARN_BLOCK_CAPTURE_AUTORELEASING = YES;
				CLANG_WARN_BOOL_CONVERSION = YES;
				CLANG_WARN_COMMA = YES;
				CLANG_WARN_CONSTANT_CONVERSION = YES;
				CLANG_WARN_DIRECT_OBJC_ISA_USAGE = YES_ERROR;
				CLANG_WARN_DOCUMENTATION_COMMENTS = YES;
				CLANG_WARN_EMPTY_BODY = YES;
				CLANG_WARN_ENUM_CONVERSION = YES;
				CLANG_WARN_INFINITE_RECURSION = YES;
				CLANG_WARN_INT_CONVERSION = YES;
				CLANG_WARN_NON_LITERAL_NULL_CONVERSION = YES;
				CLANG_WARN_OBJC_LITERAL_CONVERSION = YES;
				CLANG_WARN_OBJC_ROOT_CLASS = YES_ERROR;
				CLANG_WARN_RANGE_LOOP_ANALYSIS = YES;
				CLANG_WARN_STRICT_PROTOTYPES = YES;
				CLANG_WARN_SUSPICIOUS_MOVE = YES;
				CLANG_WARN_UNGUARDED_AVAILABILITY = YES_AGGRESSIVE;
				CLANG_WARN_UNREACHABLE_CODE = YES;
				CLANG_WARN__DUPLICATE_METHOD_MATCH = YES;
				CODE_SIGN_IDENTITY = "iPhone Developer";
				COPY_PHASE_STRIP = NO;
				DEBUG_INFORMATION_FORMAT = "dwarf-with-dsym";
				ENABLE_NS_ASSERTIONS = NO;
				ENABLE_STRICT_OBJC_MSGSEND = YES;
				GCC_C_LANGUAGE_STANDARD = gnu11;
				GCC_NO_COMMON_BLOCKS = YES;
				GCC_WARN_64_TO_32_BIT_CONVERSION = YES;
				GCC_WARN_ABOUT_RETURN_TYPE = YES_ERROR;
				GCC_WARN_UNDECLARED_SELECTOR = YES;
				GCC_WARN_UNINITIALIZED_AUTOS = YES_AGGRESSIVE;
				GCC_WARN_UNUSED_FUNCTION = YES;
				GCC_WARN_UNUSED_VARIABLE = YES;
				IPHONEOS_DEPLOYMENT_TARGET = 11.0;
				MTL_ENABLE_DEBUG_INFO = NO;
				SDKROOT = iphoneos;
				SWIFT_OPTIMIZATION_LEVEL = "-Owholemodule";
				VALIDATE_PRODUCT = YES;
			};
			name = Release;
		};
		9C1A4ABD1FB0686B003F2F16 /* Debug */ = {
			isa = XCBuildConfiguration;
			buildSettings = {
				ASSETCATALOG_COMPILER_APPICON_NAME = AppIcon;
				CODE_SIGN_STYLE = Automatic;
				INFOPLIST_FILE = MapBoxDemoApp/Info.plist;
				LD_RUNPATH_SEARCH_PATHS = "$(inherited) @executable_path/Frameworks";
				PRODUCT_BUNDLE_IDENTIFIER = com.ymedialabs.test.MapBoxDemoApp;
				PRODUCT_NAME = "$(TARGET_NAME)";
				SWIFT_VERSION = 4.0;
				TARGETED_DEVICE_FAMILY = "1,2";
			};
			name = Debug;
		};
		9C1A4ABE1FB0686B003F2F16 /* Release */ = {
			isa = XCBuildConfiguration;
			buildSettings = {
				ASSETCATALOG_COMPILER_APPICON_NAME = AppIcon;
				CODE_SIGN_STYLE = Automatic;
				INFOPLIST_FILE = MapBoxDemoApp/Info.plist;
				LD_RUNPATH_SEARCH_PATHS = "$(inherited) @executable_path/Frameworks";
				PRODUCT_BUNDLE_IDENTIFIER = com.ymedialabs.test.MapBoxDemoApp;
				PRODUCT_NAME = "$(TARGET_NAME)";
				SWIFT_VERSION = 4.0;
				TARGETED_DEVICE_FAMILY = "1,2";
			};
			name = Release;
		};
/* End XCBuildConfiguration section */

/* Begin XCConfigurationList section */
		9C1A4AA51FB0686B003F2F16 /* Build configuration list for PBXProject "MapBoxDemoApp" */ = {
			isa = XCConfigurationList;
			buildConfigurations = (
				9C1A4ABA1FB0686B003F2F16 /* Debug */,
				9C1A4ABB1FB0686B003F2F16 /* Release */,
			);
			defaultConfigurationIsVisible = 0;
			defaultConfigurationName = Release;
		};
		9C1A4ABC1FB0686B003F2F16 /* Build configuration list for PBXNativeTarget "MapBoxDemoApp" */ = {
			isa = XCConfigurationList;
			buildConfigurations = (
				9C1A4ABD1FB0686B003F2F16 /* Debug */,
				9C1A4ABE1FB0686B003F2F16 /* Release */,
			);
			defaultConfigurationIsVisible = 0;
			defaultConfigurationName = Release;
		};
/* End XCConfigurationList section */
	};
	rootObject = 9C1A4AA21FB0686B003F2F16 /* Project object */;
}
