// !$*UTF8*$!
{
	archiveVersion = 1;
	classes = {
	};
	objectVersion = 48;
	objects = {

/* Begin PBXBuildFile section */
		8CB6EC69A58708BED383B159 /* Pods_MapBoxDemoApp.framework in Frameworks */ = {isa = PBXBuildFile; fileRef = 67A7EBFE1C1844C8785F7EE5 /* Pods_MapBoxDemoApp.framework */; };
		9C1A4ADD1FB0A8A7003F2F16 /* AppDelegate 19-41-00-814.swift in Sources */ = {isa = PBXBuildFile; fileRef = 9C1A4AD71FB0A8A7003F2F16 /* AppDelegate 19-41-00-814.swift */; };
		9C1A4ADE1FB0A8A7003F2F16 /* Assets 19-41-00-751.xcassets in Resources */ = {isa = PBXBuildFile; fileRef = 9C1A4AD81FB0A8A7003F2F16 /* Assets 19-41-00-751.xcassets */; };
		9C1A4ADF1FB0A8A7003F2F16 /* CustomAnnotation.swift in Sources */ = {isa = PBXBuildFile; fileRef = 9C1A4AD91FB0A8A7003F2F16 /* CustomAnnotation.swift */; };
		9C1A4AE01FB0A8A7003F2F16 /* CustomAnnotationView.swift in Sources */ = {isa = PBXBuildFile; fileRef = 9C1A4ADA1FB0A8A7003F2F16 /* CustomAnnotationView.swift */; };
		9C1A4AE11FB0A8A7003F2F16 /* LaunchScreen 19-41-00-886.storyboard in Resources */ = {isa = PBXBuildFile; fileRef = 9C1A4ADB1FB0A8A7003F2F16 /* LaunchScreen 19-41-00-886.storyboard */; };
		9C1A4AE21FB0A8A7003F2F16 /* ViewController 19-41-00-850.swift in Sources */ = {isa = PBXBuildFile; fileRef = 9C1A4ADC1FB0A8A7003F2F16 /* ViewController 19-41-00-850.swift */; };
		9C1A4AE41FB0A8F6003F2F16 /* Default-568h@2x.png in Resources */ = {isa = PBXBuildFile; fileRef = 9C1A4AE31FB0A8F6003F2F16 /* Default-568h@2x.png */; };
		9C1A4AE61FB0AFA6003F2F16 /* Main 19-41-00-831.storyboard in Resources */ = {isa = PBXBuildFile; fileRef = 9C1A4AE51FB0AFA6003F2F16 /* Main 19-41-00-831.storyboard */; };
		9C1A4AE81FB0AFAE003F2F16 /* Info.plist in Resources */ = {isa = PBXBuildFile; fileRef = 9C1A4AE71FB0AFAE003F2F16 /* Info.plist */; };
/* End PBXBuildFile section */

/* Begin PBXFileReference section */
		4780FD168568B657D9C6FA87 /* Pods-MapBoxDemoApp.release.xcconfig */ = {isa = PBXFileReference; includeInIndex = 1; lastKnownFileType = text.xcconfig; name = "Pods-MapBoxDemoApp.release.xcconfig"; path = "Pods/Target Support Files/Pods-MapBoxDemoApp/Pods-MapBoxDemoApp.release.xcconfig"; sourceTree = "<group>"; };
		67A7EBFE1C1844C8785F7EE5 /* Pods_MapBoxDemoApp.framework */ = {isa = PBXFileReference; explicitFileType = wrapper.framework; includeInIndex = 0; path = Pods_MapBoxDemoApp.framework; sourceTree = BUILT_PRODUCTS_DIR; };
		9C191B32442B32B5D724D39A /* Pods-MapBoxDemoApp.debug.xcconfig */ = {isa = PBXFileReference; includeInIndex = 1; lastKnownFileType = text.xcconfig; name = "Pods-MapBoxDemoApp.debug.xcconfig"; path = "Pods/Target Support Files/Pods-MapBoxDemoApp/Pods-MapBoxDemoApp.debug.xcconfig"; sourceTree = "<group>"; };
		9C1A4AAA1FB0686B003F2F16 /* MapBoxDemoApp.app */ = {isa = PBXFileReference; explicitFileType = wrapper.application; includeInIndex = 0; path = MapBoxDemoApp.app; sourceTree = BUILT_PRODUCTS_DIR; };
		9C1A4AD71FB0A8A7003F2F16 /* AppDelegate 19-41-00-814.swift */ = {isa = PBXFileReference; fileEncoding = 4; lastKnownFileType = sourcecode.swift; path = "AppDelegate 19-41-00-814.swift"; sourceTree = "<group>"; };
		9C1A4AD81FB0A8A7003F2F16 /* Assets 19-41-00-751.xcassets */ = {isa = PBXFileReference; lastKnownFileType = folder.assetcatalog; path = "Assets 19-41-00-751.xcassets"; sourceTree = "<group>"; };
		9C1A4AD91FB0A8A7003F2F16 /* CustomAnnotation.swift */ = {isa = PBXFileReference; fileEncoding = 4; lastKnownFileType = sourcecode.swift; path = CustomAnnotation.swift; sourceTree = "<group>"; };
		9C1A4ADA1FB0A8A7003F2F16 /* CustomAnnotationView.swift */ = {isa = PBXFileReference; fileEncoding = 4; lastKnownFileType = sourcecode.swift; path = CustomAnnotationView.swift; sourceTree = "<group>"; };
		9C1A4ADB1FB0A8A7003F2F16 /* LaunchScreen 19-41-00-886.storyboard */ = {isa = PBXFileReference; fileEncoding = 4; lastKnownFileType = file.storyboard; path = "LaunchScreen 19-41-00-886.storyboard"; sourceTree = "<group>"; };
		9C1A4ADC1FB0A8A7003F2F16 /* ViewController 19-41-00-850.swift */ = {isa = PBXFileReference; fileEncoding = 4; lastKnownFileType = sourcecode.swift; path = "ViewController 19-41-00-850.swift"; sourceTree = "<group>"; };
		9C1A4AE31FB0A8F6003F2F16 /* Default-568h@2x.png */ = {isa = PBXFileReference; lastKnownFileType = image.png; path = "Default-568h@2x.png"; sourceTree = "<group>"; };
		9C1A4AE51FB0AFA6003F2F16 /* Main 19-41-00-831.storyboard */ = {isa = PBXFileReference; fileEncoding = 4; lastKnownFileType = file.storyboard; path = "Main 19-41-00-831.storyboard"; sourceTree = "<group>"; };
		9C1A4AE71FB0AFAE003F2F16 /* Info.plist */ = {isa = PBXFileReference; fileEncoding = 4; lastKnownFileType = text.plist.xml; path = Info.plist; sourceTree = "<group>"; };
/* End PBXFileReference section */

/* Begin PBXFrameworksBuildPhase section */
		9C1A4AA71FB0686B003F2F16 /* Frameworks */ = {
			isa = PBXFrameworksBuildPhase;
			buildActionMask = 2147483647;
			files = (
				8CB6EC69A58708BED383B159 /* Pods_MapBoxDemoApp.framework in Frameworks */,
			);
			runOnlyForDeploymentPostprocessing = 0;
		};
/* End PBXFrameworksBuildPhase section */

/* Begin PBXGroup section */
		9C1A4AA11FB0686B003F2F16 = {
			isa = PBXGroup;
			children = (
				9C1A4AE31FB0A8F6003F2F16 /* Default-568h@2x.png */,
				9C1A4AD61FB0A8A7003F2F16 /* MapBoxDemoApp */,
				9C1A4AAB1FB0686B003F2F16 /* Products */,
				B6CE3F3FEF18867313A9B9EA /* Pods */,
				F724EA3302585F7668B15729 /* Frameworks */,
			);
			sourceTree = "<group>";
		};
		9C1A4AAB1FB0686B003F2F16 /* Products */ = {
			isa = PBXGroup;
			children = (
				9C1A4AAA1FB0686B003F2F16 /* MapBoxDemoApp.app */,
			);
			name = Products;
			sourceTree = "<group>";
		};
		9C1A4AD61FB0A8A7003F2F16 /* MapBoxDemoApp */ = {
			isa = PBXGroup;
			children = (
				9C1A4AE71FB0AFAE003F2F16 /* Info.plist */,
				9C1A4AE51FB0AFA6003F2F16 /* Main 19-41-00-831.storyboard */,
				9C1A4AD71FB0A8A7003F2F16 /* AppDelegate 19-41-00-814.swift */,
				9C1A4AD81FB0A8A7003F2F16 /* Assets 19-41-00-751.xcassets */,
				9C1A4AD91FB0A8A7003F2F16 /* CustomAnnotation.swift */,
				9C1A4ADA1FB0A8A7003F2F16 /* CustomAnnotationView.swift */,
				9C1A4ADB1FB0A8A7003F2F16 /* LaunchScreen 19-41-00-886.storyboard */,
				9C1A4ADC1FB0A8A7003F2F16 /* ViewController 19-41-00-850.swift */,
			);
			path = MapBoxDemoApp;
			sourceTree = "<group>";
		};
		B6CE3F3FEF18867313A9B9EA /* Pods */ = {
			isa = PBXGroup;
			children = (
				9C191B32442B32B5D724D39A /* Pods-MapBoxDemoApp.debug.xcconfig */,
				4780FD168568B657D9C6FA87 /* Pods-MapBoxDemoApp.release.xcconfig */,
			);
			name = Pods;
			sourceTree = "<group>";
		};
		F724EA3302585F7668B15729 /* Frameworks */ = {
			isa = PBXGroup;
			children = (
				67A7EBFE1C1844C8785F7EE5 /* Pods_MapBoxDemoApp.framework */,
			);
			name = Frameworks;
			sourceTree = "<group>";
		};
/* End PBXGroup section */

/* Begin PBXNativeTarget section */
		9C1A4AA91FB0686B003F2F16 /* MapBoxDemoApp */ = {
			isa = PBXNativeTarget;
			buildConfigurationList = 9C1A4ABC1FB0686B003F2F16 /* Build configuration list for PBXNativeTarget "MapBoxDemoApp" */;
			buildPhases = (
				50B05ED649EC4F61E1BDBDF2 /* [CP] Check Pods Manifest.lock */,
				9C1A4AA61FB0686B003F2F16 /* Sources */,
				9C1A4AA71FB0686B003F2F16 /* Frameworks */,
				9C1A4AA81FB0686B003F2F16 /* Resources */,
				1ED9C6FA6A3056DC4D8520CA /* [CP] Embed Pods Frameworks */,
				7C80D9A882EF8E4B8BE9F5C1 /* [CP] Copy Pods Resources */,
			);
			buildRules = (
			);
			dependencies = (
			);
			name = MapBoxDemoApp;
			productName = MapBoxDemoApp;
			productReference = 9C1A4AAA1FB0686B003F2F16 /* MapBoxDemoApp.app */;
			productType = "com.apple.product-type.application";
		};
/* End PBXNativeTarget section */

/* Begin PBXProject section */
		9C1A4AA21FB0686B003F2F16 /* Project object */ = {
			isa = PBXProject;
			attributes = {
				LastSwiftUpdateCheck = 0900;
				LastUpgradeCheck = 0900;
				ORGANIZATIONNAME = "Sumedh Ravi";
				TargetAttributes = {
					9C1A4AA91FB0686B003F2F16 = {
						CreatedOnToolsVersion = 9.0;
						ProvisioningStyle = Automatic;
					};
				};
			};
			buildConfigurationList = 9C1A4AA51FB0686B003F2F16 /* Build configuration list for PBXProject "MapBoxDemoApp" */;
			compatibilityVersion = "Xcode 8.0";
			developmentRegion = en;
			hasScannedForEncodings = 0;
			knownRegions = (
				en,
				Base,
			);
			mainGroup = 9C1A4AA11FB0686B003F2F16;
			productRefGroup = 9C1A4AAB1FB0686B003F2F16 /* Products */;
			projectDirPath = "";
			projectRoot = "";
			targets = (
				9C1A4AA91FB0686B003F2F16 /* MapBoxDemoApp */,
			);
		};
/* End PBXProject section */

/* Begin PBXResourcesBuildPhase section */
		9C1A4AA81FB0686B003F2F16 /* Resources */ = {
			isa = PBXResourcesBuildPhase;
			buildActionMask = 2147483647;
			files = (
				9C1A4AE11FB0A8A7003F2F16 /* LaunchScreen 19-41-00-886.storyboard in Resources */,
				9C1A4ADE1FB0A8A7003F2F16 /* Assets 19-41-00-751.xcassets in Resources */,
				9C1A4AE61FB0AFA6003F2F16 /* Main 19-41-00-831.storyboard in Resources */,
				9C1A4AE81FB0AFAE003F2F16 /* Info.plist in Resources */,
				9C1A4AE41FB0A8F6003F2F16 /* Default-568h@2x.png in Resources */,
			);
			runOnlyForDeploymentPostprocessing = 0;
		};
/* End PBXResourcesBuildPhase section */

/* Begin PBXShellScriptBuildPhase section */
		1ED9C6FA6A3056DC4D8520CA /* [CP] Embed Pods Frameworks */ = {
			isa = PBXShellScriptBuildPhase;
			buildActionMask = 2147483647;
			files = (
			);
			inputPaths = (
				"${SRCROOT}/Pods/Target Support Files/Pods-MapBoxDemoApp/Pods-MapBoxDemoApp-frameworks.sh",
				"${PODS_ROOT}/Mapbox-iOS-SDK/dynamic/Mapbox.framework",
				"${PODS_ROOT}/Mapbox-iOS-SDK/dynamic/Mapbox.framework.dSYM",
			);
			name = "[CP] Embed Pods Frameworks";
			outputPaths = (
				"${TARGET_BUILD_DIR}/${FRAMEWORKS_FOLDER_PATH}/Mapbox.framework",
				"${DWARF_DSYM_FOLDER_PATH}/Mapbox.framework.dSYM",
			);
			runOnlyForDeploymentPostprocessing = 0;
			shellPath = /bin/sh;
			shellScript = "\"${SRCROOT}/Pods/Target Support Files/Pods-MapBoxDemoApp/Pods-MapBoxDemoApp-frameworks.sh\"\n";
			showEnvVarsInLog = 0;
		};
		50B05ED649EC4F61E1BDBDF2 /* [CP] Check Pods Manifest.lock */ = {
			isa = PBXShellScriptBuildPhase;
			buildActionMask = 2147483647;
			files = (
			);
			inputPaths = (
				"${PODS_PODFILE_DIR_PATH}/Podfile.lock",
				"${PODS_ROOT}/Manifest.lock",
			);
			name = "[CP] Check Pods Manifest.lock";
			outputPaths = (
				"$(DERIVED_FILE_DIR)/Pods-MapBoxDemoApp-checkManifestLockResult.txt",
			);
			runOnlyForDeploymentPostprocessing = 0;
			shellPath = /bin/sh;
			shellScript = "diff \"${PODS_PODFILE_DIR_PATH}/Podfile.lock\" \"${PODS_ROOT}/Manifest.lock\" > /dev/null\nif [ $? != 0 ] ; then\n    # print error to STDERR\n    echo \"error: The sandbox is not in sync with the Podfile.lock. Run 'pod install' or update your CocoaPods installation.\" >&2\n    exit 1\nfi\n# This output is used by Xcode 'outputs' to avoid re-running this script phase.\necho \"SUCCESS\" > \"${SCRIPT_OUTPUT_FILE_0}\"\n";
			showEnvVarsInLog = 0;
		};
		7C80D9A882EF8E4B8BE9F5C1 /* [CP] Copy Pods Resources */ = {
			isa = PBXShellScriptBuildPhase;
			buildActionMask = 2147483647;
			files = (
			);
			inputPaths = (
			);
			name = "[CP] Copy Pods Resources";
			outputPaths = (
			);
			runOnlyForDeploymentPostprocessing = 0;
			shellPath = /bin/sh;
			shellScript = "\"${SRCROOT}/Pods/Target Support Files/Pods-MapBoxDemoApp/Pods-MapBoxDemoApp-resources.sh\"\n";
			showEnvVarsInLog = 0;
		};
/* End PBXShellScriptBuildPhase section */

/* Begin PBXSourcesBuildPhase section */
		9C1A4AA61FB0686B003F2F16 /* Sources */ = {
			isa = PBXSourcesBuildPhase;
			buildActionMask = 2147483647;
			files = (
				9C1A4ADD1FB0A8A7003F2F16 /* AppDelegate 19-41-00-814.swift in Sources */,
				9C1A4AE01FB0A8A7003F2F16 /* CustomAnnotationView.swift in Sources */,
				9C1A4AE21FB0A8A7003F2F16 /* ViewController 19-41-00-850.swift in Sources */,
				9C1A4ADF1FB0A8A7003F2F16 /* CustomAnnotation.swift in Sources */,
			);
			runOnlyForDeploymentPostprocessing = 0;
		};
/* End PBXSourcesBuildPhase section */

/* Begin XCBuildConfiguration section */
		9C1A4ABA1FB0686B003F2F16 /* Debug */ = {
			isa = XCBuildConfiguration;
			buildSettings = {
				ALWAYS_SEARCH_USER_PATHS = NO;
				CLANG_ANALYZER_NONNULL = YES;
				CLANG_ANALYZER_NUMBER_OBJECT_CONVERSION = YES_AGGRESSIVE;
				CLANG_CXX_LANGUAGE_STANDARD = "gnu++14";
				CLANG_CXX_LIBRARY = "libc++";
				CLANG_ENABLE_MODULES = YES;
				CLANG_ENABLE_OBJC_ARC = YES;
				CLANG_WARN_BLOCK_CAPTURE_AUTORELEASING = YES;
				CLANG_WARN_BOOL_CONVERSION = YES;
				CLANG_WARN_COMMA = YES;
				CLANG_WARN_CONSTANT_CONVERSION = YES;
				CLANG_WARN_DIRECT_OBJC_ISA_USAGE = YES_ERROR;
				CLANG_WARN_DOCUMENTATION_COMMENTS = YES;
				CLANG_WARN_EMPTY_BODY = YES;
				CLANG_WARN_ENUM_CONVERSION = YES;
				CLANG_WARN_INFINITE_RECURSION = YES;
				CLANG_WARN_INT_CONVERSION = YES;
				CLANG_WARN_NON_LITERAL_NULL_CONVERSION = YES;
				CLANG_WARN_OBJC_LITERAL_CONVERSION = YES;
				CLANG_WARN_OBJC_ROOT_CLASS = YES_ERROR;
				CLANG_WARN_RANGE_LOOP_ANALYSIS = YES;
				CLANG_WARN_STRICT_PROTOTYPES = YES;
				CLANG_WARN_SUSPICIOUS_MOVE = YES;
				CLANG_WARN_UNGUARDED_AVAILABILITY = YES_AGGRESSIVE;
				CLANG_WARN_UNREACHABLE_CODE = YES;
				CLANG_WARN__DUPLICATE_METHOD_MATCH = YES;
				CODE_SIGN_IDENTITY = "iPhone Developer";
				COPY_PHASE_STRIP = NO;
				DEBUG_INFORMATION_FORMAT = dwarf;
				ENABLE_STRICT_OBJC_MSGSEND = YES;
				ENABLE_TESTABILITY = YES;
				GCC_C_LANGUAGE_STANDARD = gnu11;
				GCC_DYNAMIC_NO_PIC = NO;
				GCC_NO_COMMON_BLOCKS = YES;
				GCC_OPTIMIZATION_LEVEL = 0;
				GCC_PREPROCESSOR_DEFINITIONS = (
					"DEBUG=1",
					"$(inherited)",
				);
				GCC_WARN_64_TO_32_BIT_CONVERSION = YES;
				GCC_WARN_ABOUT_RETURN_TYPE = YES_ERROR;
				GCC_WARN_UNDECLARED_SELECTOR = YES;
				GCC_WARN_UNINITIALIZED_AUTOS = YES_AGGRESSIVE;
				GCC_WARN_UNUSED_FUNCTION = YES;
				GCC_WARN_UNUSED_VARIABLE = YES;
				IPHONEOS_DEPLOYMENT_TARGET = 11.0;
				MTL_ENABLE_DEBUG_INFO = YES;
				ONLY_ACTIVE_ARCH = YES;
				SDKROOT = iphoneos;
				SWIFT_ACTIVE_COMPILATION_CONDITIONS = DEBUG;
				SWIFT_OPTIMIZATION_LEVEL = "-Onone";
			};
			name = Debug;
		};
		9C1A4ABB1FB0686B003F2F16 /* Release */ = {
			isa = XCBuildConfiguration;
			buildSettings = {
				ALWAYS_SEARCH_USER_PATHS = NO;
				CLANG_ANALYZER_NONNULL = YES;
				CLANG_ANALYZER_NUMBER_OBJECT_CONVERSION = YES_AGGRESSIVE;
				CLANG_CXX_LANGUAGE_STANDARD = "gnu++14";
				CLANG_CXX_LIBRARY = "libc++";
				CLANG_ENABLE_MODULES = YES;
				CLANG_ENABLE_OBJC_ARC = YES;
				CLANG_WARN_BLOCK_CAPTURE_AUTORELEASING = YES;
				CLANG_WARN_BOOL_CONVERSION = YES;
				CLANG_WARN_COMMA = YES;
				CLANG_WARN_CONSTANT_CONVERSION = YES;
				CLANG_WARN_DIRECT_OBJC_ISA_USAGE = YES_ERROR;
				CLANG_WARN_DOCUMENTATION_COMMENTS = YES;
				CLANG_WARN_EMPTY_BODY = YES;
				CLANG_WARN_ENUM_CONVERSION = YES;
				CLANG_WARN_INFINITE_RECURSION = YES;
				CLANG_WARN_INT_CONVERSION = YES;
				CLANG_WARN_NON_LITERAL_NULL_CONVERSION = YES;
				CLANG_WARN_OBJC_LITERAL_CONVERSION = YES;
				CLANG_WARN_OBJC_ROOT_CLASS = YES_ERROR;
				CLANG_WARN_RANGE_LOOP_ANALYSIS = YES;
				CLANG_WARN_STRICT_PROTOTYPES = YES;
				CLANG_WARN_SUSPICIOUS_MOVE = YES;
				CLANG_WARN_UNGUARDED_AVAILABILITY = YES_AGGRESSIVE;
				CLANG_WARN_UNREACHABLE_CODE = YES;
				CLANG_WARN__DUPLICATE_METHOD_MATCH = YES;
				CODE_SIGN_IDENTITY = "iPhone Developer";
				COPY_PHASE_STRIP = NO;
				DEBUG_INFORMATION_FORMAT = "dwarf-with-dsym";
				ENABLE_NS_ASSERTIONS = NO;
				ENABLE_STRICT_OBJC_MSGSEND = YES;
				GCC_C_LANGUAGE_STANDARD = gnu11;
				GCC_NO_COMMON_BLOCKS = YES;
				GCC_WARN_64_TO_32_BIT_CONVERSION = YES;
				GCC_WARN_ABOUT_RETURN_TYPE = YES_ERROR;
				GCC_WARN_UNDECLARED_SELECTOR = YES;
				GCC_WARN_UNINITIALIZED_AUTOS = YES_AGGRESSIVE;
				GCC_WARN_UNUSED_FUNCTION = YES;
				GCC_WARN_UNUSED_VARIABLE = YES;
				IPHONEOS_DEPLOYMENT_TARGET = 11.0;
				MTL_ENABLE_DEBUG_INFO = NO;
				SDKROOT = iphoneos;
				SWIFT_OPTIMIZATION_LEVEL = "-Owholemodule";
				VALIDATE_PRODUCT = YES;
			};
			name = Release;
		};
		9C1A4ABD1FB0686B003F2F16 /* Debug */ = {
			isa = XCBuildConfiguration;
			baseConfigurationReference = 9C191B32442B32B5D724D39A /* Pods-MapBoxDemoApp.debug.xcconfig */;
			buildSettings = {
				ASSETCATALOG_COMPILER_APPICON_NAME = AppIcon;
				CODE_SIGN_STYLE = Automatic;
				DEVELOPMENT_TEAM = ZFLU9M7WGK;
				INFOPLIST_FILE = MapBoxDemoApp/Info.plist;
				LD_RUNPATH_SEARCH_PATHS = "$(inherited) @executable_path/Frameworks";
				PRODUCT_BUNDLE_IDENTIFIER = com.ymedialabs.test.MapBoxDemoApp;
				PRODUCT_NAME = "$(TARGET_NAME)";
				SWIFT_VERSION = 4.0;
				TARGETED_DEVICE_FAMILY = "1,2";
			};
			name = Debug;
		};
		9C1A4ABE1FB0686B003F2F16 /* Release */ = {
			isa = XCBuildConfiguration;
			baseConfigurationReference = 4780FD168568B657D9C6FA87 /* Pods-MapBoxDemoApp.release.xcconfig */;
			buildSettings = {
				ASSETCATALOG_COMPILER_APPICON_NAME = AppIcon;
				CODE_SIGN_STYLE = Automatic;
				DEVELOPMENT_TEAM = ZFLU9M7WGK;
				INFOPLIST_FILE = MapBoxDemoApp/Info.plist;
				LD_RUNPATH_SEARCH_PATHS = "$(inherited) @executable_path/Frameworks";
				PRODUCT_BUNDLE_IDENTIFIER = com.ymedialabs.test.MapBoxDemoApp;
				PRODUCT_NAME = "$(TARGET_NAME)";
				SWIFT_VERSION = 4.0;
				TARGETED_DEVICE_FAMILY = "1,2";
			};
			name = Release;
		};
/* End XCBuildConfiguration section */

/* Begin XCConfigurationList section */
		9C1A4AA51FB0686B003F2F16 /* Build configuration list for PBXProject "MapBoxDemoApp" */ = {
			isa = XCConfigurationList;
			buildConfigurations = (
				9C1A4ABA1FB0686B003F2F16 /* Debug */,
				9C1A4ABB1FB0686B003F2F16 /* Release */,
			);
			defaultConfigurationIsVisible = 0;
			defaultConfigurationName = Release;
		};
		9C1A4ABC1FB0686B003F2F16 /* Build configuration list for PBXNativeTarget "MapBoxDemoApp" */ = {
			isa = XCConfigurationList;
			buildConfigurations = (
				9C1A4ABD1FB0686B003F2F16 /* Debug */,
				9C1A4ABE1FB0686B003F2F16 /* Release */,
			);
			defaultConfigurationIsVisible = 0;
			defaultConfigurationName = Release;
		};
/* End XCConfigurationList section */
	};
	rootObject = 9C1A4AA21FB0686B003F2F16 /* Project object */;
}
